PODS:
  - Alamofire (5.4.3)
  - EFCountingLabel (5.1.4)
  - IQKeyboardManagerSwift (6.5.6)
  - KRActivityIndicatorView (3.0.7)
  - KRProgressHUD (3.4.7):
    - KRActivityIndicatorView (= 3.0.7)
  - lottie-ios (3.2.3)
  - NVActivityIndicatorView (5.1.1):
    - NVActivityIndicatorView/Base (= 5.1.1)
  - NVActivityIndicatorView/Base (5.1.1)
  - SDWebImage (5.11.1):
    - SDWebImage/Core (= 5.11.1)
  - SDWebImage/Core (5.11.1)
  - SwiftyJSON (5.0.1)
  - youtube-ios-player-helper (1.0.3)

DEPENDENCIES:
  - Alamofire
  - EFCountingLabel
  - IQKeyboardManagerSwift
  - KRProgressHUD
  - lottie-ios
  - NVActivityIndicatorView
  - SDWebImage (~> 5.0)
  - SwiftyJSON
  - youtube-ios-player-helper

SPEC REPOS:
  trunk:
    - Alamofire
    - EFCountingLabel
    - IQKeyboardManagerSwift
    - KRActivityIndicatorView
    - KRProgressHUD
    - lottie-ios
    - NVActivityIndicatorView
    - SDWebImage
    - SwiftyJSON
    - youtube-ios-player-helper

SPEC CHECKSUMS:
  Alamofire: e447a2774a40c996748296fa2c55112fdbbc42f9
  EFCountingLabel: 210620994a2d54759f53034b5bda4642255969c7
  IQKeyboardManagerSwift: c7df9d2deb356c04522f5c4b7b6e4ce4d8ed94fe
  KRActivityIndicatorView: ad69e89c4ce40c986cf580595be4829dcad0e35a
  KRProgressHUD: a248f0bc6c9c2aed40a37b76e03ffecc7f85c887
  lottie-ios: c058aeafa76daa4cf64d773554bccc8385d0150e
  NVActivityIndicatorView: 1f6c5687f1171810aa27a3296814dc2d7dec3667
  SDWebImage: a7f831e1a65eb5e285e3fb046a23fcfbf08e696d
  SwiftyJSON: 2f33a42c6fbc52764d96f13368585094bfd8aa5e
  youtube-ios-player-helper: 0185c57db23c80d63d6ca11251d110abb8a4ca61

PODFILE CHECKSUM: 334a6533a0b47cc09dec5367991fb9fb9bd33ffc

COCOAPODS: 1.10.1
